
Microsoft Visual Studio Solution File, Format Version 12.00
# Visual Studio 15
VisualStudioVersion = 15.0.27703.2035
MinimumVisualStudioVersion = 10.0.40219.1
Project("{9A19103F-16F7-4668-BE54-9A1E7A4F7556}") = "Thruster", "Thruster\Thruster.csproj", "{29E64937-3DC8-43CA-BE5E-98BF654BA86D}"
EndProject
Project("{9A19103F-16F7-4668-BE54-9A1E7A4F7556}") = "Thruster.Tests", "Thruster.Tests\Thruster.Tests.csproj", "{B3B9EB8E-A8FB-41DE-B427-013CB5FCB106}"
EndProject
Project("{9A19103F-16F7-4668-BE54-9A1E7A4F7556}") = "Thruster.Benchmarks", "Thruster.Benchmarks\Thruster.Benchmarks.csproj", "{A3789782-53D7-4835-9792-29694F68D0FE}"
	ProjectSection(ProjectDependencies) = postProject
		{29E64937-3DC8-43CA-BE5E-98BF654BA86D} = {29E64937-3DC8-43CA-BE5E-98BF654BA86D}
	EndProjectSection
EndProject
Project("{FAE04EC0-301F-11D3-BF4B-00C04F79EFBC}") = "Thruster.ThreadedApp", "Thruster.ThreadedApp\Thruster.ThreadedApp.csproj", "{40C6A3CF-0EC7-4011-A59B-37482488C59E}"
EndProject
Global
	GlobalSection(SolutionConfigurationPlatforms) = preSolution
		Debug|Any CPU = Debug|Any CPU
		Release|Any CPU = Release|Any CPU
	EndGlobalSection
	GlobalSection(ProjectConfigurationPlatforms) = postSolution
		{29E64937-3DC8-43CA-BE5E-98BF654BA86D}.Debug|Any CPU.ActiveCfg = Debug|Any CPU
		{29E64937-3DC8-43CA-BE5E-98BF654BA86D}.Debug|Any CPU.Build.0 = Debug|Any CPU
		{29E64937-3DC8-43CA-BE5E-98BF654BA86D}.Release|Any CPU.ActiveCfg = Release|Any CPU
		{29E64937-3DC8-43CA-BE5E-98BF654BA86D}.Release|Any CPU.Build.0 = Release|Any CPU
		{B3B9EB8E-A8FB-41DE-B427-013CB5FCB106}.Debug|Any CPU.ActiveCfg = Debug|Any CPU
		{B3B9EB8E-A8FB-41DE-B427-013CB5FCB106}.Debug|Any CPU.Build.0 = Debug|Any CPU
		{B3B9EB8E-A8FB-41DE-B427-013CB5FCB106}.Release|Any CPU.ActiveCfg = Release|Any CPU
		{B3B9EB8E-A8FB-41DE-B427-013CB5FCB106}.Release|Any CPU.Build.0 = Release|Any CPU
		{A3789782-53D7-4835-9792-29694F68D0FE}.Debug|Any CPU.ActiveCfg = Debug|Any CPU
		{A3789782-53D7-4835-9792-29694F68D0FE}.Debug|Any CPU.Build.0 = Debug|Any CPU
		{A3789782-53D7-4835-9792-29694F68D0FE}.Release|Any CPU.ActiveCfg = Release|Any CPU
		{A3789782-53D7-4835-9792-29694F68D0FE}.Release|Any CPU.Build.0 = Release|Any CPU
		{40C6A3CF-0EC7-4011-A59B-37482488C59E}.Debug|Any CPU.ActiveCfg = Debug|Any CPU
		{40C6A3CF-0EC7-4011-A59B-37482488C59E}.Debug|Any CPU.Build.0 = Debug|Any CPU
		{40C6A3CF-0EC7-4011-A59B-37482488C59E}.Release|Any CPU.ActiveCfg = Release|Any CPU
		{40C6A3CF-0EC7-4011-A59B-37482488C59E}.Release|Any CPU.Build.0 = Release|Any CPU
	EndGlobalSection
	GlobalSection(SolutionProperties) = preSolution
		HideSolutionNode = FALSE
	EndGlobalSection
	GlobalSection(ExtensibilityGlobals) = postSolution
		SolutionGuid = {D02BDC69-6D18-4D86-8901-3CE34C10D99B}
	EndGlobalSection
EndGlobal
